
Microsoft Visual Studio Solution File, Format Version 12.00
# Visual Studio Version 17
VisualStudioVersion = 17.5.33516.290
MinimumVisualStudioVersion = 10.0.40219.1
Project("{FAE04EC0-301F-11D3-BF4B-00C04F79EFBC}") = "PresentationLayer", "CrearAnimales\PresentationLayer.csproj", "{D0A3F828-3BE1-4A44-8D6D-7D2AFFB0EF8B}"
EndProject
Project("{FAE04EC0-301F-11D3-BF4B-00C04F79EFBC}") = "DataAccesLayer", "DataAccesLayer\DataAccesLayer.csproj", "{301B905F-7BA2-4182-9BC6-6C72B1D09327}"
EndProject
Project("{FAE04EC0-301F-11D3-BF4B-00C04F79EFBC}") = "BusinessLogicLayer", "BiusinessLogicLayer\BusinessLogicLayer.csproj", "{19E87CB2-3895-4CA3-85A8-11DF23065BED}"
EndProject
Project("{FAE04EC0-301F-11D3-BF4B-00C04F79EFBC}") = "EntitiesLayer", "EntitiesLayer\EntitiesLayer.csproj", "{7D8FF6AB-F17D-4D8E-BC41-AD47D38B9791}"
EndProject
Global
	GlobalSection(SolutionConfigurationPlatforms) = preSolution
		Debug|Any CPU = Debug|Any CPU
		Release|Any CPU = Release|Any CPU
	EndGlobalSection
	GlobalSection(ProjectConfigurationPlatforms) = postSolution
		{D0A3F828-3BE1-4A44-8D6D-7D2AFFB0EF8B}.Debug|Any CPU.ActiveCfg = Debug|Any CPU
		{D0A3F828-3BE1-4A44-8D6D-7D2AFFB0EF8B}.Debug|Any CPU.Build.0 = Debug|Any CPU
		{D0A3F828-3BE1-4A44-8D6D-7D2AFFB0EF8B}.Release|Any CPU.ActiveCfg = Release|Any CPU
		{D0A3F828-3BE1-4A44-8D6D-7D2AFFB0EF8B}.Release|Any CPU.Build.0 = Release|Any CPU
		{301B905F-7BA2-4182-9BC6-6C72B1D09327}.Debug|Any CPU.ActiveCfg = Debug|Any CPU
		{301B905F-7BA2-4182-9BC6-6C72B1D09327}.Debug|Any CPU.Build.0 = Debug|Any CPU
		{301B905F-7BA2-4182-9BC6-6C72B1D09327}.Release|Any CPU.ActiveCfg = Release|Any CPU
		{301B905F-7BA2-4182-9BC6-6C72B1D09327}.Release|Any CPU.Build.0 = Release|Any CPU
		{19E87CB2-3895-4CA3-85A8-11DF23065BED}.Debug|Any CPU.ActiveCfg = Debug|Any CPU
		{19E87CB2-3895-4CA3-85A8-11DF23065BED}.Debug|Any CPU.Build.0 = Debug|Any CPU
		{19E87CB2-3895-4CA3-85A8-11DF23065BED}.Release|Any CPU.ActiveCfg = Release|Any CPU
		{19E87CB2-3895-4CA3-85A8-11DF23065BED}.Release|Any CPU.Build.0 = Release|Any CPU
		{7D8FF6AB-F17D-4D8E-BC41-AD47D38B9791}.Debug|Any CPU.ActiveCfg = Debug|Any CPU
		{7D8FF6AB-F17D-4D8E-BC41-AD47D38B9791}.Debug|Any CPU.Build.0 = Debug|Any CPU
		{7D8FF6AB-F17D-4D8E-BC41-AD47D38B9791}.Release|Any CPU.ActiveCfg = Release|Any CPU
		{7D8FF6AB-F17D-4D8E-BC41-AD47D38B9791}.Release|Any CPU.Build.0 = Release|Any CPU
	EndGlobalSection
	GlobalSection(SolutionProperties) = preSolution
		HideSolutionNode = FALSE
	EndGlobalSection
	GlobalSection(ExtensibilityGlobals) = postSolution
		SolutionGuid = {2B4E26D8-CEA2-4AAF-8DA5-5C2D6CE2D1AE}
	EndGlobalSection
EndGlobal
